
Microsoft Visual Studio Solution File, Format Version 12.00
Project("{FAE04EC0-301F-11D3-BF4B-00C04F79EFBC}") = "battleships.app", "battleships.app\battleships.app.csproj", "{57EBB8E0-2225-423C-B9AE-C0A74F8ED3CB}"
EndProject
Project("{FAE04EC0-301F-11D3-BF4B-00C04F79EFBC}") = "battleships.lib", "battleships.lib\battleships.lib.csproj", "{B8A5F761-ADDB-46CE-8E36-F8769EA43B25}"
EndProject
Project("{FAE04EC0-301F-11D3-BF4B-00C04F79EFBC}") = "battleships.lib.tests", "battleships.lib.tests\battleships.lib.tests.csproj", "{A23DA963-F02E-48A0-8D1E-D17A868A1468}"
EndProject
Project("{FAE04EC0-301F-11D3-BF4B-00C04F79EFBC}") = "battleships.app.simple", "battleships.app.simple\battleships.app.simple.csproj", "{03C51168-529A-472F-B9C4-F19BAB699E67}"
EndProject
Global
	GlobalSection(SolutionConfigurationPlatforms) = preSolution
		Debug|Any CPU = Debug|Any CPU
		Release|Any CPU = Release|Any CPU
	EndGlobalSection
	GlobalSection(ProjectConfigurationPlatforms) = postSolution
		{57EBB8E0-2225-423C-B9AE-C0A74F8ED3CB}.Debug|Any CPU.ActiveCfg = Debug|Any CPU
		{57EBB8E0-2225-423C-B9AE-C0A74F8ED3CB}.Debug|Any CPU.Build.0 = Debug|Any CPU
		{57EBB8E0-2225-423C-B9AE-C0A74F8ED3CB}.Release|Any CPU.ActiveCfg = Release|Any CPU
		{57EBB8E0-2225-423C-B9AE-C0A74F8ED3CB}.Release|Any CPU.Build.0 = Release|Any CPU
		{B8A5F761-ADDB-46CE-8E36-F8769EA43B25}.Debug|Any CPU.ActiveCfg = Debug|Any CPU
		{B8A5F761-ADDB-46CE-8E36-F8769EA43B25}.Debug|Any CPU.Build.0 = Debug|Any CPU
		{B8A5F761-ADDB-46CE-8E36-F8769EA43B25}.Release|Any CPU.ActiveCfg = Release|Any CPU
		{B8A5F761-ADDB-46CE-8E36-F8769EA43B25}.Release|Any CPU.Build.0 = Release|Any CPU
		{A23DA963-F02E-48A0-8D1E-D17A868A1468}.Debug|Any CPU.ActiveCfg = Debug|Any CPU
		{A23DA963-F02E-48A0-8D1E-D17A868A1468}.Debug|Any CPU.Build.0 = Debug|Any CPU
		{A23DA963-F02E-48A0-8D1E-D17A868A1468}.Release|Any CPU.ActiveCfg = Release|Any CPU
		{A23DA963-F02E-48A0-8D1E-D17A868A1468}.Release|Any CPU.Build.0 = Release|Any CPU
		{03C51168-529A-472F-B9C4-F19BAB699E67}.Debug|Any CPU.ActiveCfg = Debug|Any CPU
		{03C51168-529A-472F-B9C4-F19BAB699E67}.Debug|Any CPU.Build.0 = Debug|Any CPU
		{03C51168-529A-472F-B9C4-F19BAB699E67}.Release|Any CPU.ActiveCfg = Release|Any CPU
		{03C51168-529A-472F-B9C4-F19BAB699E67}.Release|Any CPU.Build.0 = Release|Any CPU
	EndGlobalSection
EndGlobal
